// !$*UTF8*$!
{
	archiveVersion = 1;
	classes = {
	};
	objectVersion = 56;
	objects = {

/* Begin PBXBuildFile section */
		461750E52B95E0B400962D72 /* CookieClickerApp.swift in Sources */ = {isa = PBXBuildFile; fileRef = 461750E42B95E0B400962D72 /* CookieClickerApp.swift */; };
		461750E72B95E0B400962D72 /* ContentView.swift in Sources */ = {isa = PBXBuildFile; fileRef = 461750E62B95E0B400962D72 /* ContentView.swift */; };
		461750E92B95E0B500962D72 /* Assets.xcassets in Resources */ = {isa = PBXBuildFile; fileRef = 461750E82B95E0B500962D72 /* Assets.xcassets */; };
		461750EC2B95E0B500962D72 /* Preview Assets.xcassets in Resources */ = {isa = PBXBuildFile; fileRef = 461750EB2B95E0B500962D72 /* Preview Assets.xcassets */; };
		461750F62B95E0B600962D72 /* CookieClickerTests.swift in Sources */ = {isa = PBXBuildFile; fileRef = 461750F52B95E0B600962D72 /* CookieClickerTests.swift */; };
		461751002B95E0B600962D72 /* CookieClickerUITests.swift in Sources */ = {isa = PBXBuildFile; fileRef = 461750FF2B95E0B600962D72 /* CookieClickerUITests.swift */; };
		461751022B95E0B600962D72 /* CookieClickerUITestsLaunchTests.swift in Sources */ = {isa = PBXBuildFile; fileRef = 461751012B95E0B600962D72 /* CookieClickerUITestsLaunchTests.swift */; };
/* End PBXBuildFile section */

/* Begin PBXContainerItemProxy section */
		461750F22B95E0B600962D72 /* PBXContainerItemProxy */ = {
			isa = PBXContainerItemProxy;
			containerPortal = 461750D92B95E0B400962D72 /* Project object */;
			proxyType = 1;
			remoteGlobalIDString = 461750E02B95E0B400962D72;
			remoteInfo = CookieClicker;
		};
		461750FC2B95E0B600962D72 /* PBXContainerItemProxy */ = {
			isa = PBXContainerItemProxy;
			containerPortal = 461750D92B95E0B400962D72 /* Project object */;
			proxyType = 1;
			remoteGlobalIDString = 461750E02B95E0B400962D72;
			remoteInfo = CookieClicker;
		};
/* End PBXContainerItemProxy section */

/* Begin PBXFileReference section */
		461750E12B95E0B400962D72 /* CookieClicker.app */ = {isa = PBXFileReference; explicitFileType = wrapper.application; includeInIndex = 0; path = CookieClicker.app; sourceTree = BUILT_PRODUCTS_DIR; };
		461750E42B95E0B400962D72 /* CookieClickerApp.swift */ = {isa = PBXFileReference; lastKnownFileType = sourcecode.swift; path = CookieClickerApp.swift; sourceTree = "<group>"; };
		461750E62B95E0B400962D72 /* ContentView.swift */ = {isa = PBXFileReference; lastKnownFileType = sourcecode.swift; path = ContentView.swift; sourceTree = "<group>"; };
		461750E82B95E0B500962D72 /* Assets.xcassets */ = {isa = PBXFileReference; lastKnownFileType = folder.assetcatalog; path = Assets.xcassets; sourceTree = "<group>"; };
		461750EB2B95E0B500962D72 /* Preview Assets.xcassets */ = {isa = PBXFileReference; lastKnownFileType = folder.assetcatalog; path = "Preview Assets.xcassets"; sourceTree = "<group>"; };
		461750F12B95E0B600962D72 /* CookieClickerTests.xctest */ = {isa = PBXFileReference; explicitFileType = wrapper.cfbundle; includeInIndex = 0; path = CookieClickerTests.xctest; sourceTree = BUILT_PRODUCTS_DIR; };
		461750F52B95E0B600962D72 /* CookieClickerTests.swift */ = {isa = PBXFileReference; lastKnownFileType = sourcecode.swift; path = CookieClickerTests.swift; sourceTree = "<group>"; };
		461750FB2B95E0B600962D72 /* CookieClickerUITests.xctest */ = {isa = PBXFileReference; explicitFileType = wrapper.cfbundle; includeInIndex = 0; path = CookieClickerUITests.xctest; sourceTree = BUILT_PRODUCTS_DIR; };
		461750FF2B95E0B600962D72 /* CookieClickerUITests.swift */ = {isa = PBXFileReference; lastKnownFileType = sourcecode.swift; path = CookieClickerUITests.swift; sourceTree = "<group>"; };
		461751012B95E0B600962D72 /* CookieClickerUITestsLaunchTests.swift */ = {isa = PBXFileReference; lastKnownFileType = sourcecode.swift; path = CookieClickerUITestsLaunchTests.swift; sourceTree = "<group>"; };
/* End PBXFileReference section */

/* Begin PBXFrameworksBuildPhase section */
		461750DE2B95E0B400962D72 /* Frameworks */ = {
			isa = PBXFrameworksBuildPhase;
			buildActionMask = 2147483647;
			files = (
			);
			runOnlyForDeploymentPostprocessing = 0;
		};
		461750EE2B95E0B600962D72 /* Frameworks */ = {
			isa = PBXFrameworksBuildPhase;
			buildActionMask = 2147483647;
			files = (
			);
			runOnlyForDeploymentPostprocessing = 0;
		};
		461750F82B95E0B600962D72 /* Frameworks */ = {
			isa = PBXFrameworksBuildPhase;
			buildActionMask = 2147483647;
			files = (
			);
			runOnlyForDeploymentPostprocessing = 0;
		};
/* End PBXFrameworksBuildPhase section */

/* Begin PBXGroup section */
		461750D82B95E0B400962D72 = {
			isa = PBXGroup;
			children = (
				461750E32B95E0B400962D72 /* CookieClicker */,
				461750F42B95E0B600962D72 /* CookieClickerTests */,
				461750FE2B95E0B600962D72 /* CookieClickerUITests */,
				461750E22B95E0B400962D72 /* Products */,
			);
			sourceTree = "<group>";
		};
		461750E22B95E0B400962D72 /* Products */ = {
			isa = PBXGroup;
			children = (
				461750E12B95E0B400962D72 /* CookieClicker.app */,
				461750F12B95E0B600962D72 /* CookieClickerTests.xctest */,
				461750FB2B95E0B600962D72 /* CookieClickerUITests.xctest */,
			);
			name = Products;
			sourceTree = "<group>";
		};
		461750E32B95E0B400962D72 /* CookieClicker */ = {
			isa = PBXGroup;
			children = (
				461750E42B95E0B400962D72 /* CookieClickerApp.swift */,
				461750E62B95E0B400962D72 /* ContentView.swift */,
				461750E82B95E0B500962D72 /* Assets.xcassets */,
				461750EA2B95E0B500962D72 /* Preview Content */,
			);
			path = CookieClicker;
			sourceTree = "<group>";
		};
		461750EA2B95E0B500962D72 /* Preview Content */ = {
			isa = PBXGroup;
			children = (
				461750EB2B95E0B500962D72 /* Preview Assets.xcassets */,
			);
			path = "Preview Content";
			sourceTree = "<group>";
		};
		461750F42B95E0B600962D72 /* CookieClickerTests */ = {
			isa = PBXGroup;
			children = (
				461750F52B95E0B600962D72 /* CookieClickerTests.swift */,
			);
			path = CookieClickerTests;
			sourceTree = "<group>";
		};
		461750FE2B95E0B600962D72 /* CookieClickerUITests */ = {
			isa = PBXGroup;
			children = (
				461750FF2B95E0B600962D72 /* CookieClickerUITests.swift */,
				461751012B95E0B600962D72 /* CookieClickerUITestsLaunchTests.swift */,
			);
			path = CookieClickerUITests;
			sourceTree = "<group>";
		};
/* End PBXGroup section */

/* Begin PBXNativeTarget section */
		461750E02B95E0B400962D72 /* CookieClicker */ = {
			isa = PBXNativeTarget;
			buildConfigurationList = 461751052B95E0B600962D72 /* Build configuration list for PBXNativeTarget "CookieClicker" */;
			buildPhases = (
				461750DD2B95E0B400962D72 /* Sources */,
				461750DE2B95E0B400962D72 /* Frameworks */,
				461750DF2B95E0B400962D72 /* Resources */,
			);
			buildRules = (
			);
			dependencies = (
			);
			name = CookieClicker;
			productName = CookieClicker;
			productReference = 461750E12B95E0B400962D72 /* CookieClicker.app */;
			productType = "com.apple.product-type.application";
		};
		461750F02B95E0B600962D72 /* CookieClickerTests */ = {
			isa = PBXNativeTarget;
			buildConfigurationList = 461751082B95E0B600962D72 /* Build configuration list for PBXNativeTarget "CookieClickerTests" */;
			buildPhases = (
				461750ED2B95E0B600962D72 /* Sources */,
				461750EE2B95E0B600962D72 /* Frameworks */,
				461750EF2B95E0B600962D72 /* Resources */,
			);
			buildRules = (
			);
			dependencies = (
				461750F32B95E0B600962D72 /* PBXTargetDependency */,
			);
			name = CookieClickerTests;
			productName = CookieClickerTests;
			productReference = 461750F12B95E0B600962D72 /* CookieClickerTests.xctest */;
			productType = "com.apple.product-type.bundle.unit-test";
		};
		461750FA2B95E0B600962D72 /* CookieClickerUITests */ = {
			isa = PBXNativeTarget;
			buildConfigurationList = 4617510B2B95E0B600962D72 /* Build configuration list for PBXNativeTarget "CookieClickerUITests" */;
			buildPhases = (
				461750F72B95E0B600962D72 /* Sources */,
				461750F82B95E0B600962D72 /* Frameworks */,
				461750F92B95E0B600962D72 /* Resources */,
			);
			buildRules = (
			);
			dependencies = (
				461750FD2B95E0B600962D72 /* PBXTargetDependency */,
			);
			name = CookieClickerUITests;
			productName = CookieClickerUITests;
			productReference = 461750FB2B95E0B600962D72 /* CookieClickerUITests.xctest */;
			productType = "com.apple.product-type.bundle.ui-testing";
		};
/* End PBXNativeTarget section */

/* Begin PBXProject section */
		461750D92B95E0B400962D72 /* Project object */ = {
			isa = PBXProject;
			attributes = {
				BuildIndependentTargetsInParallel = 1;
				LastSwiftUpdateCheck = 1500;
				LastUpgradeCheck = 1500;
				TargetAttributes = {
					461750E02B95E0B400962D72 = {
						CreatedOnToolsVersion = 15.0.1;
					};
					461750F02B95E0B600962D72 = {
						CreatedOnToolsVersion = 15.0.1;
						TestTargetID = 461750E02B95E0B400962D72;
					};
					461750FA2B95E0B600962D72 = {
						CreatedOnToolsVersion = 15.0.1;
						TestTargetID = 461750E02B95E0B400962D72;
					};
				};
			};
			buildConfigurationList = 461750DC2B95E0B400962D72 /* Build configuration list for PBXProject "CookieClicker" */;
			compatibilityVersion = "Xcode 14.0";
			developmentRegion = en;
			hasScannedForEncodings = 0;
			knownRegions = (
				en,
				Base,
			);
			mainGroup = 461750D82B95E0B400962D72;
			productRefGroup = 461750E22B95E0B400962D72 /* Products */;
			projectDirPath = "";
			projectRoot = "";
			targets = (
				461750E02B95E0B400962D72 /* CookieClicker */,
				461750F02B95E0B600962D72 /* CookieClickerTests */,
				461750FA2B95E0B600962D72 /* CookieClickerUITests */,
			);
		};
/* End PBXProject section */

/* Begin PBXResourcesBuildPhase section */
		461750DF2B95E0B400962D72 /* Resources */ = {
			isa = PBXResourcesBuildPhase;
			buildActionMask = 2147483647;
			files = (
				461750EC2B95E0B500962D72 /* Preview Assets.xcassets in Resources */,
				461750E92B95E0B500962D72 /* Assets.xcassets in Resources */,
			);
			runOnlyForDeploymentPostprocessing = 0;
		};
		461750EF2B95E0B600962D72 /* Resources */ = {
			isa = PBXResourcesBuildPhase;
			buildActionMask = 2147483647;
			files = (
			);
			runOnlyForDeploymentPostprocessing = 0;
		};
		461750F92B95E0B600962D72 /* Resources */ = {
			isa = PBXResourcesBuildPhase;
			buildActionMask = 2147483647;
			files = (
			);
			runOnlyForDeploymentPostprocessing = 0;
		};
/* End PBXResourcesBuildPhase section */

/* Begin PBXSourcesBuildPhase section */
		461750DD2B95E0B400962D72 /* Sources */ = {
			isa = PBXSourcesBuildPhase;
			buildActionMask = 2147483647;
			files = (
				461750E72B95E0B400962D72 /* ContentView.swift in Sources */,
				461750E52B95E0B400962D72 /* CookieClickerApp.swift in Sources */,
			);
			runOnlyForDeploymentPostprocessing = 0;
		};
		461750ED2B95E0B600962D72 /* Sources */ = {
			isa = PBXSourcesBuildPhase;
			buildActionMask = 2147483647;
			files = (
				461750F62B95E0B600962D72 /* CookieClickerTests.swift in Sources */,
			);
			runOnlyForDeploymentPostprocessing = 0;
		};
		461750F72B95E0B600962D72 /* Sources */ = {
			isa = PBXSourcesBuildPhase;
			buildActionMask = 2147483647;
			files = (
				461751022B95E0B600962D72 /* CookieClickerUITestsLaunchTests.swift in Sources */,
				461751002B95E0B600962D72 /* CookieClickerUITests.swift in Sources */,
			);
			runOnlyForDeploymentPostprocessing = 0;
		};
/* End PBXSourcesBuildPhase section */

/* Begin PBXTargetDependency section */
		461750F32B95E0B600962D72 /* PBXTargetDependency */ = {
			isa = PBXTargetDependency;
			target = 461750E02B95E0B400962D72 /* CookieClicker */;
			targetProxy = 461750F22B95E0B600962D72 /* PBXContainerItemProxy */;
		};
		461750FD2B95E0B600962D72 /* PBXTargetDependency */ = {
			isa = PBXTargetDependency;
			target = 461750E02B95E0B400962D72 /* CookieClicker */;
			targetProxy = 461750FC2B95E0B600962D72 /* PBXContainerItemProxy */;
		};
/* End PBXTargetDependency section */

/* Begin XCBuildConfiguration section */
		461751032B95E0B600962D72 /* Debug */ = {
			isa = XCBuildConfiguration;
			buildSettings = {
				ALWAYS_SEARCH_USER_PATHS = NO;
				ASSETCATALOG_COMPILER_GENERATE_SWIFT_ASSET_SYMBOL_EXTENSIONS = YES;
				CLANG_ANALYZER_NONNULL = YES;
				CLANG_ANALYZER_NUMBER_OBJECT_CONVERSION = YES_AGGRESSIVE;
				CLANG_CXX_LANGUAGE_STANDARD = "gnu++20";
				CLANG_ENABLE_MODULES = YES;
				CLANG_ENABLE_OBJC_ARC = YES;
				CLANG_ENABLE_OBJC_WEAK = YES;
				CLANG_WARN_BLOCK_CAPTURE_AUTORELEASING = YES;
				CLANG_WARN_BOOL_CONVERSION = YES;
				CLANG_WARN_COMMA = YES;
				CLANG_WARN_CONSTANT_CONVERSION = YES;
				CLANG_WARN_DEPRECATED_OBJC_IMPLEMENTATIONS = YES;
				CLANG_WARN_DIRECT_OBJC_ISA_USAGE = YES_ERROR;
				CLANG_WARN_DOCUMENTATION_COMMENTS = YES;
				CLANG_WARN_EMPTY_BODY = YES;
				CLANG_WARN_ENUM_CONVERSION = YES;
				CLANG_WARN_INFINITE_RECURSION = YES;
				CLANG_WARN_INT_CONVERSION = YES;
				CLANG_WARN_NON_LITERAL_NULL_CONVERSION = YES;
				CLANG_WARN_OBJC_IMPLICIT_RETAIN_SELF = YES;
				CLANG_WARN_OBJC_LITERAL_CONVERSION = YES;
				CLANG_WARN_OBJC_ROOT_CLASS = YES_ERROR;
				CLANG_WARN_QUOTED_INCLUDE_IN_FRAMEWORK_HEADER = YES;
				CLANG_WARN_RANGE_LOOP_ANALYSIS = YES;
				CLANG_WARN_STRICT_PROTOTYPES = YES;
				CLANG_WARN_SUSPICIOUS_MOVE = YES;
				CLANG_WARN_UNGUARDED_AVAILABILITY = YES_AGGRESSIVE;
				CLANG_WARN_UNREACHABLE_CODE = YES;
				CLANG_WARN__DUPLICATE_METHOD_MATCH = YES;
				COPY_PHASE_STRIP = NO;
				DEBUG_INFORMATION_FORMAT = dwarf;
				ENABLE_STRICT_OBJC_MSGSEND = YES;
				ENABLE_TESTABILITY = YES;
				ENABLE_USER_SCRIPT_SANDBOXING = YES;
				GCC_C_LANGUAGE_STANDARD = gnu17;
				GCC_DYNAMIC_NO_PIC = NO;
				GCC_NO_COMMON_BLOCKS = YES;
				GCC_OPTIMIZATION_LEVEL = 0;
				GCC_PREPROCESSOR_DEFINITIONS = (
					"DEBUG=1",
					"$(inherited)",
				);
				GCC_WARN_64_TO_32_BIT_CONVERSION = YES;
				GCC_WARN_ABOUT_RETURN_TYPE = YES_ERROR;
				GCC_WARN_UNDECLARED_SELECTOR = YES;
				GCC_WARN_UNINITIALIZED_AUTOS = YES_AGGRESSIVE;
				GCC_WARN_UNUSED_FUNCTION = YES;
				GCC_WARN_UNUSED_VARIABLE = YES;
				IPHONEOS_DEPLOYMENT_TARGET = 17.0;
				LOCALIZATION_PREFERS_STRING_CATALOGS = YES;
				MTL_ENABLE_DEBUG_INFO = INCLUDE_SOURCE;
				MTL_FAST_MATH = YES;
				ONLY_ACTIVE_ARCH = YES;
				SDKROOT = iphoneos;
				SWIFT_ACTIVE_COMPILATION_CONDITIONS = "DEBUG $(inherited)";
				SWIFT_OPTIMIZATION_LEVEL = "-Onone";
			};
			name = Debug;
		};
		461751042B95E0B600962D72 /* Release */ = {
			isa = XCBuildConfiguration;
			buildSettings = {
				ALWAYS_SEARCH_USER_PATHS = NO;
				ASSETCATALOG_COMPILER_GENERATE_SWIFT_ASSET_SYMBOL_EXTENSIONS = YES;
				CLANG_ANALYZER_NONNULL = YES;
				CLANG_ANALYZER_NUMBER_OBJECT_CONVERSION = YES_AGGRESSIVE;
				CLANG_CXX_LANGUAGE_STANDARD = "gnu++20";
				CLANG_ENABLE_MODULES = YES;
				CLANG_ENABLE_OBJC_ARC = YES;
				CLANG_ENABLE_OBJC_WEAK = YES;
				CLANG_WARN_BLOCK_CAPTURE_AUTORELEASING = YES;
				CLANG_WARN_BOOL_CONVERSION = YES;
				CLANG_WARN_COMMA = YES;
				CLANG_WARN_CONSTANT_CONVERSION = YES;
				CLANG_WARN_DEPRECATED_OBJC_IMPLEMENTATIONS = YES;
				CLANG_WARN_DIRECT_OBJC_ISA_USAGE = YES_ERROR;
				CLANG_WARN_DOCUMENTATION_COMMENTS = YES;
				CLANG_WARN_EMPTY_BODY = YES;
				CLANG_WARN_ENUM_CONVERSION = YES;
				CLANG_WARN_INFINITE_RECURSION = YES;
				CLANG_WARN_INT_CONVERSION = YES;
				CLANG_WARN_NON_LITERAL_NULL_CONVERSION = YES;
				CLANG_WARN_OBJC_IMPLICIT_RETAIN_SELF = YES;
				CLANG_WARN_OBJC_LITERAL_CONVERSION = YES;
				CLANG_WARN_OBJC_ROOT_CLASS = YES_ERROR;
				CLANG_WARN_QUOTED_INCLUDE_IN_FRAMEWORK_HEADER = YES;
				CLANG_WARN_RANGE_LOOP_ANALYSIS = YES;
				CLANG_WARN_STRICT_PROTOTYPES = YES;
				CLANG_WARN_SUSPICIOUS_MOVE = YES;
				CLANG_WARN_UNGUARDED_AVAILABILITY = YES_AGGRESSIVE;
				CLANG_WARN_UNREACHABLE_CODE = YES;
				CLANG_WARN__DUPLICATE_METHOD_MATCH = YES;
				COPY_PHASE_STRIP = NO;
				DEBUG_INFORMATION_FORMAT = "dwarf-with-dsym";
				ENABLE_NS_ASSERTIONS = NO;
				ENABLE_STRICT_OBJC_MSGSEND = YES;
				ENABLE_USER_SCRIPT_SANDBOXING = YES;
				GCC_C_LANGUAGE_STANDARD = gnu17;
				GCC_NO_COMMON_BLOCKS = YES;
				GCC_WARN_64_TO_32_BIT_CONVERSION = YES;
				GCC_WARN_ABOUT_RETURN_TYPE = YES_ERROR;
				GCC_WARN_UNDECLARED_SELECTOR = YES;
				GCC_WARN_UNINITIALIZED_AUTOS = YES_AGGRESSIVE;
				GCC_WARN_UNUSED_FUNCTION = YES;
				GCC_WARN_UNUSED_VARIABLE = YES;
				IPHONEOS_DEPLOYMENT_TARGET = 17.0;
				LOCALIZATION_PREFERS_STRING_CATALOGS = YES;
				MTL_ENABLE_DEBUG_INFO = NO;
				MTL_FAST_MATH = YES;
				SDKROOT = iphoneos;
				SWIFT_COMPILATION_MODE = wholemodule;
				VALIDATE_PRODUCT = YES;
			};
			name = Release;
		};
		461751062B95E0B600962D72 /* Debug */ = {
			isa = XCBuildConfiguration;
			buildSettings = {
				ASSETCATALOG_COMPILER_APPICON_NAME = AppIcon;
				ASSETCATALOG_COMPILER_GLOBAL_ACCENT_COLOR_NAME = AccentColor;
				CODE_SIGN_STYLE = Automatic;
				CURRENT_PROJECT_VERSION = 1;
				DEVELOPMENT_ASSET_PATHS = "\"CookieClicker/Preview Content\"";
				ENABLE_PREVIEWS = YES;
				GENERATE_INFOPLIST_FILE = YES;
				INFOPLIST_KEY_UIApplicationSceneManifest_Generation = YES;
				INFOPLIST_KEY_UIApplicationSupportsIndirectInputEvents = YES;
				INFOPLIST_KEY_UILaunchScreen_Generation = YES;
				INFOPLIST_KEY_UISupportedInterfaceOrientations_iPad = "UIInterfaceOrientationPortrait UIInterfaceOrientationPortraitUpsideDown UIInterfaceOrientationLandscapeLeft UIInterfaceOrientationLandscapeRight";
				INFOPLIST_KEY_UISupportedInterfaceOrientations_iPhone = "UIInterfaceOrientationPortrait UIInterfaceOrientationLandscapeLeft UIInterfaceOrientationLandscapeRight";
				LD_RUNPATH_SEARCH_PATHS = (
					"$(inherited)",
					"@executable_path/Frameworks",
				);
				MARKETING_VERSION = 1.0;
				PRODUCT_BUNDLE_IDENTIFIER = mobiledev.CookieClicker;
				PRODUCT_NAME = "$(TARGET_NAME)";
				SWIFT_EMIT_LOC_STRINGS = YES;
				SWIFT_VERSION = 5.0;
				TARGETED_DEVICE_FAMILY = "1,2";
			};
			name = Debug;
		};
		461751072B95E0B600962D72 /* Release */ = {
			isa = XCBuildConfiguration;
			buildSettings = {
				ASSETCATALOG_COMPILER_APPICON_NAME = AppIcon;
				ASSETCATALOG_COMPILER_GLOBAL_ACCENT_COLOR_NAME = AccentColor;
				CODE_SIGN_STYLE = Automatic;
				CURRENT_PROJECT_VERSION = 1;
				DEVELOPMENT_ASSET_PATHS = "\"CookieClicker/Preview Content\"";
				ENABLE_PREVIEWS = YES;
				GENERATE_INFOPLIST_FILE = YES;
				INFOPLIST_KEY_UIApplicationSceneManifest_Generation = YES;
				INFOPLIST_KEY_UIApplicationSupportsIndirectInputEvents = YES;
				INFOPLIST_KEY_UILaunchScreen_Generation = YES;
				INFOPLIST_KEY_UISupportedInterfaceOrientations_iPad = "UIInterfaceOrientationPortrait UIInterfaceOrientationPortraitUpsideDown UIInterfaceOrientationLandscapeLeft UIInterfaceOrientationLandscapeRight";
				INFOPLIST_KEY_UISupportedInterfaceOrientations_iPhone = "UIInterfaceOrientationPortrait UIInterfaceOrientationLandscapeLeft UIInterfaceOrientationLandscapeRight";
				LD_RUNPATH_SEARCH_PATHS = (
					"$(inherited)",
					"@executable_path/Frameworks",
				);
				MARKETING_VERSION = 1.0;
				PRODUCT_BUNDLE_IDENTIFIER = mobiledev.CookieClicker;
				PRODUCT_NAME = "$(TARGET_NAME)";
				SWIFT_EMIT_LOC_STRINGS = YES;
				SWIFT_VERSION = 5.0;
				TARGETED_DEVICE_FAMILY = "1,2";
			};
			name = Release;
		};
		461751092B95E0B600962D72 /* Debug */ = {
			isa = XCBuildConfiguration;
			buildSettings = {
				ALWAYS_EMBED_SWIFT_STANDARD_LIBRARIES = YES;
				BUNDLE_LOADER = "$(TEST_HOST)";
				CODE_SIGN_STYLE = Automatic;
				CURRENT_PROJECT_VERSION = 1;
				GENERATE_INFOPLIST_FILE = YES;
				IPHONEOS_DEPLOYMENT_TARGET = 17.0;
				MARKETING_VERSION = 1.0;
				PRODUCT_BUNDLE_IDENTIFIER = mobiledev.CookieClickerTests;
				PRODUCT_NAME = "$(TARGET_NAME)";
				SWIFT_EMIT_LOC_STRINGS = NO;
				SWIFT_VERSION = 5.0;
				TARGETED_DEVICE_FAMILY = "1,2";
				TEST_HOST = "$(BUILT_PRODUCTS_DIR)/CookieClicker.app/$(BUNDLE_EXECUTABLE_FOLDER_PATH)/CookieClicker";
			};
			name = Debug;
		};
		4617510A2B95E0B600962D72 /* Release */ = {
			isa = XCBuildConfiguration;
			buildSettings = {
				ALWAYS_EMBED_SWIFT_STANDARD_LIBRARIES = YES;
				BUNDLE_LOADER = "$(TEST_HOST)";
				CODE_SIGN_STYLE = Automatic;
				CURRENT_PROJECT_VERSION = 1;
				GENERATE_INFOPLIST_FILE = YES;
				IPHONEOS_DEPLOYMENT_TARGET = 17.0;
				MARKETING_VERSION = 1.0;
				PRODUCT_BUNDLE_IDENTIFIER = mobiledev.CookieClickerTests;
				PRODUCT_NAME = "$(TARGET_NAME)";
				SWIFT_EMIT_LOC_STRINGS = NO;
				SWIFT_VERSION = 5.0;
				TARGETED_DEVICE_FAMILY = "1,2";
				TEST_HOST = "$(BUILT_PRODUCTS_DIR)/CookieClicker.app/$(BUNDLE_EXECUTABLE_FOLDER_PATH)/CookieClicker";
			};
			name = Release;
		};
		4617510C2B95E0B600962D72 /* Debug */ = {
			isa = XCBuildConfiguration;
			buildSettings = {
				ALWAYS_EMBED_SWIFT_STANDARD_LIBRARIES = YES;
				CODE_SIGN_STYLE = Automatic;
				CURRENT_PROJECT_VERSION = 1;
				GENERATE_INFOPLIST_FILE = YES;
				MARKETING_VERSION = 1.0;
				PRODUCT_BUNDLE_IDENTIFIER = mobiledev.CookieClickerUITests;
				PRODUCT_NAME = "$(TARGET_NAME)";
				SWIFT_EMIT_LOC_STRINGS = NO;
				SWIFT_VERSION = 5.0;
				TARGETED_DEVICE_FAMILY = "1,2";
				TEST_TARGET_NAME = CookieClicker;
			};
			name = Debug;
		};
		4617510D2B95E0B600962D72 /* Release */ = {
			isa = XCBuildConfiguration;
			buildSettings = {
				ALWAYS_EMBED_SWIFT_STANDARD_LIBRARIES = YES;
				CODE_SIGN_STYLE = Automatic;
				CURRENT_PROJECT_VERSION = 1;
				GENERATE_INFOPLIST_FILE = YES;
				MARKETING_VERSION = 1.0;
				PRODUCT_BUNDLE_IDENTIFIER = mobiledev.CookieClickerUITests;
				PRODUCT_NAME = "$(TARGET_NAME)";
				SWIFT_EMIT_LOC_STRINGS = NO;
				SWIFT_VERSION = 5.0;
				TARGETED_DEVICE_FAMILY = "1,2";
				TEST_TARGET_NAME = CookieClicker;
			};
			name = Release;
		};
/* End XCBuildConfiguration section */

/* Begin XCConfigurationList section */
		461750DC2B95E0B400962D72 /* Build configuration list for PBXProject "CookieClicker" */ = {
			isa = XCConfigurationList;
			buildConfigurations = (
				461751032B95E0B600962D72 /* Debug */,
				461751042B95E0B600962D72 /* Release */,
			);
			defaultConfigurationIsVisible = 0;
			defaultConfigurationName = Release;
		};
		461751052B95E0B600962D72 /* Build configuration list for PBXNativeTarget "CookieClicker" */ = {
			isa = XCConfigurationList;
			buildConfigurations = (
				461751062B95E0B600962D72 /* Debug */,
				461751072B95E0B600962D72 /* Release */,
			);
			defaultConfigurationIsVisible = 0;
			defaultConfigurationName = Release;
		};
		461751082B95E0B600962D72 /* Build configuration list for PBXNativeTarget "CookieClickerTests" */ = {
			isa = XCConfigurationList;
			buildConfigurations = (
				461751092B95E0B600962D72 /* Debug */,
				4617510A2B95E0B600962D72 /* Release */,
			);
			defaultConfigurationIsVisible = 0;
			defaultConfigurationName = Release;
		};
		4617510B2B95E0B600962D72 /* Build configuration list for PBXNativeTarget "CookieClickerUITests" */ = {
			isa = XCConfigurationList;
			buildConfigurations = (
				4617510C2B95E0B600962D72 /* Debug */,
				4617510D2B95E0B600962D72 /* Release */,
			);
			defaultConfigurationIsVisible = 0;
			defaultConfigurationName = Release;
		};
/* End XCConfigurationList section */
	};
	rootObject = 461750D92B95E0B400962D72 /* Project object */;
}
